
Microsoft Visual Studio Solution File, Format Version 12.00
# Visual Studio Version 16
VisualStudioVersion = 16.0.31205.134
MinimumVisualStudioVersion = 10.0.40219.1
Project("{FAE04EC0-301F-11D3-BF4B-00C04F79EFBC}") = "VSChallenge", "VSChallenge\VSChallenge.csproj", "{3E2E9BA7-5F3C-43C4-AE3F-F76166663300}"
EndProject
Global
	GlobalSection(SolutionConfigurationPlatforms) = preSolution
		Debug|Any CPU = Debug|Any CPU
		Release|Any CPU = Release|Any CPU
	EndGlobalSection
	GlobalSection(ProjectConfigurationPlatforms) = postSolution
		{3E2E9BA7-5F3C-43C4-AE3F-F76166663300}.Debug|Any CPU.ActiveCfg = Debug|Any CPU
		{3E2E9BA7-5F3C-43C4-AE3F-F76166663300}.Debug|Any CPU.Build.0 = Debug|Any CPU
		{3E2E9BA7-5F3C-43C4-AE3F-F76166663300}.Release|Any CPU.ActiveCfg = Release|Any CPU
		{3E2E9BA7-5F3C-43C4-AE3F-F76166663300}.Release|Any CPU.Build.0 = Release|Any CPU
	EndGlobalSection
	GlobalSection(SolutionProperties) = preSolution
		HideSolutionNode = FALSE
	EndGlobalSection
	GlobalSection(ExtensibilityGlobals) = postSolution
		SolutionGuid = {78671B98-DEB8-4A46-9050-B11A0A03D5C0}
	EndGlobalSection
EndGlobal
